
Microsoft Visual Studio Solution File, Format Version 12.00
# Visual Studio 15
VisualStudioVersion = 15.0.26621.2
MinimumVisualStudioVersion = 10.0.40219.1
Project("{FAE04EC0-301F-11D3-BF4B-00C04F79EFBC}") = "DVDLibraryWebApi", "DVDLibraryWebApi\DVDLibraryWebApi.csproj", "{2C833521-2E6D-4DF7-A6DA-B34B2384EE6B}"
EndProject
Project("{FAE04EC0-301F-11D3-BF4B-00C04F79EFBC}") = "DVDLibraryWebApi.Data", "DVDLibraryWebApi.Data\DVDLibraryWebApi.Data.csproj", "{07B14828-E135-44A1-9B85-7CBF5F8FE2C1}"
EndProject
Project("{FAE04EC0-301F-11D3-BF4B-00C04F79EFBC}") = "DVDLibraryWebApi.Models", "DVDLibraryWebApi.Models\DVDLibraryWebApi.Models.csproj", "{A83A76D0-4CE8-4F19-A6CD-4D451B4CB603}"
EndProject
Global
	GlobalSection(SolutionConfigurationPlatforms) = preSolution
		Debug|Any CPU = Debug|Any CPU
		Release|Any CPU = Release|Any CPU
	EndGlobalSection
	GlobalSection(ProjectConfigurationPlatforms) = postSolution
		{2C833521-2E6D-4DF7-A6DA-B34B2384EE6B}.Debug|Any CPU.ActiveCfg = Debug|Any CPU
		{2C833521-2E6D-4DF7-A6DA-B34B2384EE6B}.Debug|Any CPU.Build.0 = Debug|Any CPU
		{2C833521-2E6D-4DF7-A6DA-B34B2384EE6B}.Release|Any CPU.ActiveCfg = Release|Any CPU
		{2C833521-2E6D-4DF7-A6DA-B34B2384EE6B}.Release|Any CPU.Build.0 = Release|Any CPU
		{07B14828-E135-44A1-9B85-7CBF5F8FE2C1}.Debug|Any CPU.ActiveCfg = Debug|Any CPU
		{07B14828-E135-44A1-9B85-7CBF5F8FE2C1}.Debug|Any CPU.Build.0 = Debug|Any CPU
		{07B14828-E135-44A1-9B85-7CBF5F8FE2C1}.Release|Any CPU.ActiveCfg = Release|Any CPU
		{07B14828-E135-44A1-9B85-7CBF5F8FE2C1}.Release|Any CPU.Build.0 = Release|Any CPU
		{A83A76D0-4CE8-4F19-A6CD-4D451B4CB603}.Debug|Any CPU.ActiveCfg = Debug|Any CPU
		{A83A76D0-4CE8-4F19-A6CD-4D451B4CB603}.Debug|Any CPU.Build.0 = Debug|Any CPU
		{A83A76D0-4CE8-4F19-A6CD-4D451B4CB603}.Release|Any CPU.ActiveCfg = Release|Any CPU
		{A83A76D0-4CE8-4F19-A6CD-4D451B4CB603}.Release|Any CPU.Build.0 = Release|Any CPU
	EndGlobalSection
	GlobalSection(SolutionProperties) = preSolution
		HideSolutionNode = FALSE
	EndGlobalSection
	GlobalSection(ExtensibilityGlobals) = postSolution
		SolutionGuid = {08A48FF3-20E0-4278-BB72-244D8AC90099}
	EndGlobalSection
EndGlobal
